PODS:
  - ALProgress (1.0)
  - GKPhotoBrowser (2.1.8):
    - GKPhotoBrowser/SD (= 2.1.8)
  - GKPhotoBrowser/Core (2.1.8)
  - GKPhotoBrowser/SD (2.1.8):
    - GKPhotoBrowser/Core
    - SDWebImage (~> 5.0)
  - Masonry (1.1.0)
  - MJRefresh (3.5.0)
  - ReactiveObjC (3.1.1)
  - SDWebImage (5.10.4):
    - SDWebImage/Core (= 5.10.4)
  - SDWebImage/Core (5.10.4)
  - TABAnimated (2.5.1)
  - WHToast (0.0.7)
  - YYImage (1.0.4):
    - YYImage/Core (= 1.0.4)
  - YYImage/Core (1.0.4)

DEPENDENCIES:
  - ALProgress
  - GKPhotoBrowser
  - Masonry
  - MJRefresh
  - ReactiveObjC
  - SDWebImage
  - TABAnimated
  - WHToast
  - YYImage

SPEC REPOS:
  trunk:
    - ALProgress
    - GKPhotoBrowser
    - Masonry
    - MJRefresh
    - ReactiveObjC
    - SDWebImage
    - TABAnimated
    - WHToast
    - YYImage

SPEC CHECKSUMS:
  ALProgress: 793be069feead2ca7efcb261003dce794fb5970e
  GKPhotoBrowser: 61672c81464a8abb40e81eb802939bca7478a962
  Masonry: 678fab65091a9290e40e2832a55e7ab731aad201
  MJRefresh: 6afc955813966afb08305477dd7a0d9ad5e79a16
  ReactiveObjC: 011caa393aa0383245f2dcf9bf02e86b80b36040
  SDWebImage: c666b97e1fa9c64b4909816a903322018f0a9c84
  TABAnimated: f0bfba5c5c7d279b43cda503d9a5328e7e9891c8
  WHToast: 11a17a3f09f5f733e32bd6f3338919a448cbb719
  YYImage: 1e1b62a9997399593e4b9c4ecfbbabbf1d3f3b54

PODFILE CHECKSUM: ffd4923f4d80923a2278954eaa3e070deba32aa9

COCOAPODS: 1.10.1
